// !$*UTF8*$!
{
	archiveVersion = 1;
	classes = {
	};
	objectVersion = 48;
	objects = {

/* Begin PBXBuildFile section */
		AD3F50F5200E6BB800F1BE3C /* main.swift in Sources */ = {isa = PBXBuildFile; fileRef = AD3F50F4200E6BB800F1BE3C /* main.swift */; };
		AD3F5102200E6BFD00F1BE3C /* TweegeeTests.swift in Sources */ = {isa = PBXBuildFile; fileRef = AD3F5101200E6BFD00F1BE3C /* TweegeeTests.swift */; };
		AD3F5124200E871B00F1BE3C /* Commander.a in Frameworks */ = {isa = PBXBuildFile; fileRef = AD3F5123200E871A00F1BE3C /* Commander.a */; };
		AD3F512A200E8FF200F1BE3C /* Lifeline.tw2 in Resources */ = {isa = PBXBuildFile; fileRef = AD3F5129200E8FF200F1BE3C /* Lifeline.tw2 */; };
		AD3F512C200E900400F1BE3C /* Playlist.tw2 in Resources */ = {isa = PBXBuildFile; fileRef = AD3F512B200E900400F1BE3C /* Playlist.tw2 */; };
		AD3F512E200E905700F1BE3C /* TestStory.tw2 in Resources */ = {isa = PBXBuildFile; fileRef = AD3F512D200E905700F1BE3C /* TestStory.tw2 */; };
		AD3F5130200E906C00F1BE3C /* LLHTI.tw2 in Resources */ = {isa = PBXBuildFile; fileRef = AD3F512F200E906B00F1BE3C /* LLHTI.tw2 */; };
		AD3F5132200E9CDF00F1BE3C /* TweeParser.swift in Sources */ = {isa = PBXBuildFile; fileRef = AD3F5131200E9CDF00F1BE3C /* TweeParser.swift */; };
		AD3F5133200E9CDF00F1BE3C /* TweeParser.swift in Sources */ = {isa = PBXBuildFile; fileRef = AD3F5131200E9CDF00F1BE3C /* TweeParser.swift */; };
		AD3F5135200EA8C900F1BE3C /* StringMatch.swift in Sources */ = {isa = PBXBuildFile; fileRef = AD3F5134200EA8C900F1BE3C /* StringMatch.swift */; };
		AD3F5136200EA8C900F1BE3C /* StringMatch.swift in Sources */ = {isa = PBXBuildFile; fileRef = AD3F5134200EA8C900F1BE3C /* StringMatch.swift */; };
		AD3F5138201042AC00F1BE3C /* StringScanner.swift in Sources */ = {isa = PBXBuildFile; fileRef = AD3F5137201042AC00F1BE3C /* StringScanner.swift */; };
		AD3F5139201042AC00F1BE3C /* StringScanner.swift in Sources */ = {isa = PBXBuildFile; fileRef = AD3F5137201042AC00F1BE3C /* StringScanner.swift */; };
		AD3F513B20112F0000F1BE3C /* TweegeeParserTests.swift in Sources */ = {isa = PBXBuildFile; fileRef = AD3F513A20112F0000F1BE3C /* TweegeeParserTests.swift */; };
/* End PBXBuildFile section */

/* Begin PBXCopyFilesBuildPhase section */
		AD3F50EF200E6BB700F1BE3C /* CopyFiles */ = {
			isa = PBXCopyFilesBuildPhase;
			buildActionMask = 2147483647;
			dstPath = /usr/share/man/man1/;
			dstSubfolderSpec = 0;
			files = (
			);
			runOnlyForDeploymentPostprocessing = 1;
		};
/* End PBXCopyFilesBuildPhase section */

/* Begin PBXFileReference section */
		AD3F50F1200E6BB700F1BE3C /* tweegee */ = {isa = PBXFileReference; explicitFileType = "compiled.mach-o.executable"; includeInIndex = 0; path = tweegee; sourceTree = BUILT_PRODUCTS_DIR; };
		AD3F50F4200E6BB800F1BE3C /* main.swift */ = {isa = PBXFileReference; lastKnownFileType = sourcecode.swift; path = main.swift; sourceTree = "<group>"; };
		AD3F50FF200E6BFD00F1BE3C /* TweegeeTests.xctest */ = {isa = PBXFileReference; explicitFileType = wrapper.cfbundle; includeInIndex = 0; path = TweegeeTests.xctest; sourceTree = BUILT_PRODUCTS_DIR; };
		AD3F5101200E6BFD00F1BE3C /* TweegeeTests.swift */ = {isa = PBXFileReference; lastKnownFileType = sourcecode.swift; path = TweegeeTests.swift; sourceTree = "<group>"; };
		AD3F5103200E6BFD00F1BE3C /* Info.plist */ = {isa = PBXFileReference; lastKnownFileType = text.plist.xml; path = Info.plist; sourceTree = "<group>"; };
		AD3F511F200E7EF900F1BE3C /* Commander.framework */ = {isa = PBXFileReference; explicitFileType = wrapper.framework; path = Commander.framework; sourceTree = BUILT_PRODUCTS_DIR; };
		AD3F5120200E86B300F1BE3C /* Commander.a */ = {isa = PBXFileReference; lastKnownFileType = archive.ar; name = Commander.a; path = "../../swift/Commander/.build/x86_64-apple-macosx10.10/debug/Commander.a"; sourceTree = "<group>"; };
		AD3F5123200E871A00F1BE3C /* Commander.a */ = {isa = PBXFileReference; lastKnownFileType = archive.ar; path = Commander.a; sourceTree = "<group>"; };
		AD3F5125200E872700F1BE3C /* Commander.swiftdoc */ = {isa = PBXFileReference; lastKnownFileType = file; path = Commander.swiftdoc; sourceTree = "<group>"; };
		AD3F5126200E872700F1BE3C /* Commander.swiftmodule */ = {isa = PBXFileReference; lastKnownFileType = file; path = Commander.swiftmodule; sourceTree = "<group>"; };
		AD3F5129200E8FF200F1BE3C /* Lifeline.tw2 */ = {isa = PBXFileReference; fileEncoding = 4; lastKnownFileType = text; path = Lifeline.tw2; sourceTree = "<group>"; };
		AD3F512B200E900400F1BE3C /* Playlist.tw2 */ = {isa = PBXFileReference; fileEncoding = 4; lastKnownFileType = text; path = Playlist.tw2; sourceTree = "<group>"; };
		AD3F512D200E905700F1BE3C /* TestStory.tw2 */ = {isa = PBXFileReference; fileEncoding = 4; lastKnownFileType = text; path = TestStory.tw2; sourceTree = "<group>"; };
		AD3F512F200E906B00F1BE3C /* LLHTI.tw2 */ = {isa = PBXFileReference; fileEncoding = 4; lastKnownFileType = text; path = LLHTI.tw2; sourceTree = "<group>"; };
		AD3F5131200E9CDF00F1BE3C /* TweeParser.swift */ = {isa = PBXFileReference; lastKnownFileType = sourcecode.swift; path = TweeParser.swift; sourceTree = "<group>"; };
		AD3F5134200EA8C900F1BE3C /* StringMatch.swift */ = {isa = PBXFileReference; lastKnownFileType = sourcecode.swift; path = StringMatch.swift; sourceTree = "<group>"; };
		AD3F5137201042AC00F1BE3C /* StringScanner.swift */ = {isa = PBXFileReference; lastKnownFileType = sourcecode.swift; path = StringScanner.swift; sourceTree = "<group>"; };
		AD3F513A20112F0000F1BE3C /* TweegeeParserTests.swift */ = {isa = PBXFileReference; lastKnownFileType = sourcecode.swift; path = TweegeeParserTests.swift; sourceTree = "<group>"; };
/* End PBXFileReference section */

/* Begin PBXFrameworksBuildPhase section */
		AD3F50EE200E6BB700F1BE3C /* Frameworks */ = {
			isa = PBXFrameworksBuildPhase;
			buildActionMask = 2147483647;
			files = (
				AD3F5124200E871B00F1BE3C /* Commander.a in Frameworks */,
			);
			runOnlyForDeploymentPostprocessing = 0;
		};
		AD3F50FC200E6BFD00F1BE3C /* Frameworks */ = {
			isa = PBXFrameworksBuildPhase;
			buildActionMask = 2147483647;
			files = (
			);
			runOnlyForDeploymentPostprocessing = 0;
		};
/* End PBXFrameworksBuildPhase section */

/* Begin PBXGroup section */
		AD3F50E8200E6BB700F1BE3C = {
			isa = PBXGroup;
			children = (
				AD3F5128200E8FC900F1BE3C /* TweeFiles */,
				AD3F5122200E870900F1BE3C /* Commander */,
				AD3F50F3200E6BB700F1BE3C /* Tweegee */,
				AD3F5100200E6BFD00F1BE3C /* TweegeeTests */,
				AD3F50F2200E6BB700F1BE3C /* Products */,
				AD3F511D200E7EF900F1BE3C /* Frameworks */,
			);
			sourceTree = "<group>";
		};
		AD3F50F2200E6BB700F1BE3C /* Products */ = {
			isa = PBXGroup;
			children = (
				AD3F50F1200E6BB700F1BE3C /* tweegee */,
				AD3F50FF200E6BFD00F1BE3C /* TweegeeTests.xctest */,
			);
			name = Products;
			sourceTree = "<group>";
		};
		AD3F50F3200E6BB700F1BE3C /* Tweegee */ = {
			isa = PBXGroup;
			children = (
				AD3F50F4200E6BB800F1BE3C /* main.swift */,
				AD3F5131200E9CDF00F1BE3C /* TweeParser.swift */,
				AD3F5134200EA8C900F1BE3C /* StringMatch.swift */,
				AD3F5137201042AC00F1BE3C /* StringScanner.swift */,
			);
			path = Tweegee;
			sourceTree = "<group>";
		};
		AD3F5100200E6BFD00F1BE3C /* TweegeeTests */ = {
			isa = PBXGroup;
			children = (
				AD3F5101200E6BFD00F1BE3C /* TweegeeTests.swift */,
				AD3F5103200E6BFD00F1BE3C /* Info.plist */,
				AD3F513A20112F0000F1BE3C /* TweegeeParserTests.swift */,
			);
			path = TweegeeTests;
			sourceTree = "<group>";
		};
		AD3F511D200E7EF900F1BE3C /* Frameworks */ = {
			isa = PBXGroup;
			children = (
				AD3F5120200E86B300F1BE3C /* Commander.a */,
				AD3F511F200E7EF900F1BE3C /* Commander.framework */,
			);
			name = Frameworks;
			sourceTree = "<group>";
		};
		AD3F5122200E870900F1BE3C /* Commander */ = {
			isa = PBXGroup;
			children = (
				AD3F5123200E871A00F1BE3C /* Commander.a */,
				AD3F5125200E872700F1BE3C /* Commander.swiftdoc */,
				AD3F5126200E872700F1BE3C /* Commander.swiftmodule */,
			);
			path = Commander;
			sourceTree = "<group>";
		};
		AD3F5128200E8FC900F1BE3C /* TweeFiles */ = {
			isa = PBXGroup;
			children = (
				AD3F5129200E8FF200F1BE3C /* Lifeline.tw2 */,
				AD3F512F200E906B00F1BE3C /* LLHTI.tw2 */,
				AD3F512B200E900400F1BE3C /* Playlist.tw2 */,
				AD3F512D200E905700F1BE3C /* TestStory.tw2 */,
			);
			path = TweeFiles;
			sourceTree = "<group>";
		};
/* End PBXGroup section */

/* Begin PBXNativeTarget section */
		AD3F50F0200E6BB700F1BE3C /* tweegee */ = {
			isa = PBXNativeTarget;
			buildConfigurationList = AD3F50F8200E6BB800F1BE3C /* Build configuration list for PBXNativeTarget "tweegee" */;
			buildPhases = (
				AD3F50ED200E6BB700F1BE3C /* Sources */,
				AD3F50EE200E6BB700F1BE3C /* Frameworks */,
				AD3F50EF200E6BB700F1BE3C /* CopyFiles */,
			);
			buildRules = (
			);
			dependencies = (
			);
			name = tweegee;
			productName = Tweegee;
			productReference = AD3F50F1200E6BB700F1BE3C /* tweegee */;
			productType = "com.apple.product-type.tool";
		};
		AD3F50FE200E6BFD00F1BE3C /* TweegeeTests */ = {
			isa = PBXNativeTarget;
			buildConfigurationList = AD3F5104200E6BFD00F1BE3C /* Build configuration list for PBXNativeTarget "TweegeeTests" */;
			buildPhases = (
				AD3F50FB200E6BFD00F1BE3C /* Sources */,
				AD3F50FC200E6BFD00F1BE3C /* Frameworks */,
				AD3F50FD200E6BFD00F1BE3C /* Resources */,
			);
			buildRules = (
			);
			dependencies = (
			);
			name = TweegeeTests;
			productName = TweegeeTests;
			productReference = AD3F50FF200E6BFD00F1BE3C /* TweegeeTests.xctest */;
			productType = "com.apple.product-type.bundle.unit-test";
		};
/* End PBXNativeTarget section */

/* Begin PBXProject section */
		AD3F50E9200E6BB700F1BE3C /* Project object */ = {
			isa = PBXProject;
			attributes = {
				LastSwiftUpdateCheck = 0920;
				LastUpgradeCheck = 0920;
				ORGANIZATIONNAME = "Carter Thaxton";
				TargetAttributes = {
					AD3F50F0200E6BB700F1BE3C = {
						CreatedOnToolsVersion = 9.2;
						ProvisioningStyle = Automatic;
					};
					AD3F50FE200E6BFD00F1BE3C = {
						CreatedOnToolsVersion = 9.2;
						ProvisioningStyle = Automatic;
					};
				};
			};
			buildConfigurationList = AD3F50EC200E6BB700F1BE3C /* Build configuration list for PBXProject "Tweegee" */;
			compatibilityVersion = "Xcode 8.0";
			developmentRegion = en;
			hasScannedForEncodings = 0;
			knownRegions = (
				en,
			);
			mainGroup = AD3F50E8200E6BB700F1BE3C;
			productRefGroup = AD3F50F2200E6BB700F1BE3C /* Products */;
			projectDirPath = "";
			projectRoot = "";
			targets = (
				AD3F50F0200E6BB700F1BE3C /* tweegee */,
				AD3F50FE200E6BFD00F1BE3C /* TweegeeTests */,
			);
		};
/* End PBXProject section */

/* Begin PBXResourcesBuildPhase section */
		AD3F50FD200E6BFD00F1BE3C /* Resources */ = {
			isa = PBXResourcesBuildPhase;
			buildActionMask = 2147483647;
			files = (
				AD3F512A200E8FF200F1BE3C /* Lifeline.tw2 in Resources */,
				AD3F5130200E906C00F1BE3C /* LLHTI.tw2 in Resources */,
				AD3F512E200E905700F1BE3C /* TestStory.tw2 in Resources */,
				AD3F512C200E900400F1BE3C /* Playlist.tw2 in Resources */,
			);
			runOnlyForDeploymentPostprocessing = 0;
		};
/* End PBXResourcesBuildPhase section */

/* Begin PBXSourcesBuildPhase section */
		AD3F50ED200E6BB700F1BE3C /* Sources */ = {
			isa = PBXSourcesBuildPhase;
			buildActionMask = 2147483647;
			files = (
				AD3F50F5200E6BB800F1BE3C /* main.swift in Sources */,
				AD3F5135200EA8C900F1BE3C /* StringMatch.swift in Sources */,
				AD3F5132200E9CDF00F1BE3C /* TweeParser.swift in Sources */,
				AD3F5138201042AC00F1BE3C /* StringScanner.swift in Sources */,
			);
			runOnlyForDeploymentPostprocessing = 0;
		};
		AD3F50FB200E6BFD00F1BE3C /* Sources */ = {
			isa = PBXSourcesBuildPhase;
			buildActionMask = 2147483647;
			files = (
				AD3F5102200E6BFD00F1BE3C /* TweegeeTests.swift in Sources */,
				AD3F5136200EA8C900F1BE3C /* StringMatch.swift in Sources */,
				AD3F5133200E9CDF00F1BE3C /* TweeParser.swift in Sources */,
				AD3F5139201042AC00F1BE3C /* StringScanner.swift in Sources */,
				AD3F513B20112F0000F1BE3C /* TweegeeParserTests.swift in Sources */,
			);
			runOnlyForDeploymentPostprocessing = 0;
		};
/* End PBXSourcesBuildPhase section */

/* Begin XCBuildConfiguration section */
		AD3F50F6200E6BB800F1BE3C /* Debug */ = {
			isa = XCBuildConfiguration;
			buildSettings = {
				ALWAYS_SEARCH_USER_PATHS = NO;
				CLANG_ANALYZER_NONNULL = YES;
				CLANG_ANALYZER_NUMBER_OBJECT_CONVERSION = YES_AGGRESSIVE;
				CLANG_CXX_LANGUAGE_STANDARD = "gnu++14";
				CLANG_CXX_LIBRARY = "libc++";
				CLANG_ENABLE_MODULES = YES;
				CLANG_ENABLE_OBJC_ARC = YES;
				CLANG_WARN_BLOCK_CAPTURE_AUTORELEASING = YES;
				CLANG_WARN_BOOL_CONVERSION = YES;
				CLANG_WARN_COMMA = YES;
				CLANG_WARN_CONSTANT_CONVERSION = YES;
				CLANG_WARN_DIRECT_OBJC_ISA_USAGE = YES_ERROR;
				CLANG_WARN_DOCUMENTATION_COMMENTS = YES;
				CLANG_WARN_EMPTY_BODY = YES;
				CLANG_WARN_ENUM_CONVERSION = YES;
				CLANG_WARN_INFINITE_RECURSION = YES;
				CLANG_WARN_INT_CONVERSION = YES;
				CLANG_WARN_NON_LITERAL_NULL_CONVERSION = YES;
				CLANG_WARN_OBJC_LITERAL_CONVERSION = YES;
				CLANG_WARN_OBJC_ROOT_CLASS = YES_ERROR;
				CLANG_WARN_RANGE_LOOP_ANALYSIS = YES;
				CLANG_WARN_STRICT_PROTOTYPES = YES;
				CLANG_WARN_SUSPICIOUS_MOVE = YES;
				CLANG_WARN_UNGUARDED_AVAILABILITY = YES_AGGRESSIVE;
				CLANG_WARN_UNREACHABLE_CODE = YES;
				CLANG_WARN__DUPLICATE_METHOD_MATCH = YES;
				CODE_SIGN_IDENTITY = "Mac Developer";
				COPY_PHASE_STRIP = NO;
				DEBUG_INFORMATION_FORMAT = dwarf;
				ENABLE_STRICT_OBJC_MSGSEND = YES;
				ENABLE_TESTABILITY = YES;
				GCC_C_LANGUAGE_STANDARD = gnu11;
				GCC_DYNAMIC_NO_PIC = NO;
				GCC_NO_COMMON_BLOCKS = YES;
				GCC_OPTIMIZATION_LEVEL = 0;
				GCC_PREPROCESSOR_DEFINITIONS = (
					"DEBUG=1",
					"$(inherited)",
				);
				GCC_WARN_64_TO_32_BIT_CONVERSION = YES;
				GCC_WARN_ABOUT_RETURN_TYPE = YES_ERROR;
				GCC_WARN_UNDECLARED_SELECTOR = YES;
				GCC_WARN_UNINITIALIZED_AUTOS = YES_AGGRESSIVE;
				GCC_WARN_UNUSED_FUNCTION = YES;
				GCC_WARN_UNUSED_VARIABLE = YES;
				MACOSX_DEPLOYMENT_TARGET = 10.13;
				MTL_ENABLE_DEBUG_INFO = YES;
				ONLY_ACTIVE_ARCH = YES;
				SDKROOT = macosx;
				SWIFT_ACTIVE_COMPILATION_CONDITIONS = DEBUG;
				SWIFT_INCLUDE_PATHS = "$(SOURCE_ROOT)/Commander";
				SWIFT_OPTIMIZATION_LEVEL = "-Onone";
			};
			name = Debug;
		};
		AD3F50F7200E6BB800F1BE3C /* Release */ = {
			isa = XCBuildConfiguration;
			buildSettings = {
				ALWAYS_SEARCH_USER_PATHS = NO;
				CLANG_ANALYZER_NONNULL = YES;
				CLANG_ANALYZER_NUMBER_OBJECT_CONVERSION = YES_AGGRESSIVE;
				CLANG_CXX_LANGUAGE_STANDARD = "gnu++14";
				CLANG_CXX_LIBRARY = "libc++";
				CLANG_ENABLE_MODULES = YES;
				CLANG_ENABLE_OBJC_ARC = YES;
				CLANG_WARN_BLOCK_CAPTURE_AUTORELEASING = YES;
				CLANG_WARN_BOOL_CONVERSION = YES;
				CLANG_WARN_COMMA = YES;
				CLANG_WARN_CONSTANT_CONVERSION = YES;
				CLANG_WARN_DIRECT_OBJC_ISA_USAGE = YES_ERROR;
				CLANG_WARN_DOCUMENTATION_COMMENTS = YES;
				CLANG_WARN_EMPTY_BODY = YES;
				CLANG_WARN_ENUM_CONVERSION = YES;
				CLANG_WARN_INFINITE_RECURSION = YES;
				CLANG_WARN_INT_CONVERSION = YES;
				CLANG_WARN_NON_LITERAL_NULL_CONVERSION = YES;
				CLANG_WARN_OBJC_LITERAL_CONVERSION = YES;
				CLANG_WARN_OBJC_ROOT_CLASS = YES_ERROR;
				CLANG_WARN_RANGE_LOOP_ANALYSIS = YES;
				CLANG_WARN_STRICT_PROTOTYPES = YES;
				CLANG_WARN_SUSPICIOUS_MOVE = YES;
				CLANG_WARN_UNGUARDED_AVAILABILITY = YES_AGGRESSIVE;
				CLANG_WARN_UNREACHABLE_CODE = YES;
				CLANG_WARN__DUPLICATE_METHOD_MATCH = YES;
				CODE_SIGN_IDENTITY = "Mac Developer";
				COPY_PHASE_STRIP = NO;
				DEBUG_INFORMATION_FORMAT = "dwarf-with-dsym";
				ENABLE_NS_ASSERTIONS = NO;
				ENABLE_STRICT_OBJC_MSGSEND = YES;
				GCC_C_LANGUAGE_STANDARD = gnu11;
				GCC_NO_COMMON_BLOCKS = YES;
				GCC_WARN_64_TO_32_BIT_CONVERSION = YES;
				GCC_WARN_ABOUT_RETURN_TYPE = YES_ERROR;
				GCC_WARN_UNDECLARED_SELECTOR = YES;
				GCC_WARN_UNINITIALIZED_AUTOS = YES_AGGRESSIVE;
				GCC_WARN_UNUSED_FUNCTION = YES;
				GCC_WARN_UNUSED_VARIABLE = YES;
				MACOSX_DEPLOYMENT_TARGET = 10.13;
				MTL_ENABLE_DEBUG_INFO = NO;
				SDKROOT = macosx;
				SWIFT_INCLUDE_PATHS = "$(SOURCE_ROOT)/Commander";
				SWIFT_OPTIMIZATION_LEVEL = "-Owholemodule";
			};
			name = Release;
		};
		AD3F50F9200E6BB800F1BE3C /* Debug */ = {
			isa = XCBuildConfiguration;
			buildSettings = {
				CODE_SIGN_STYLE = Automatic;
				DEVELOPMENT_TEAM = JCW23UJPJQ;
				LIBRARY_SEARCH_PATHS = (
					"$(inherited)",
					"$(PROJECT_DIR)/Commander",
				);
				PRODUCT_NAME = "$(TARGET_NAME)";
				SWIFT_VERSION = 4.0;
			};
			name = Debug;
		};
		AD3F50FA200E6BB800F1BE3C /* Release */ = {
			isa = XCBuildConfiguration;
			buildSettings = {
				CODE_SIGN_STYLE = Automatic;
				DEVELOPMENT_TEAM = JCW23UJPJQ;
				LIBRARY_SEARCH_PATHS = (
					"$(inherited)",
					"$(PROJECT_DIR)/Commander",
				);
				PRODUCT_NAME = "$(TARGET_NAME)";
				SWIFT_VERSION = 4.0;
			};
			name = Release;
		};
		AD3F5105200E6BFD00F1BE3C /* Debug */ = {
			isa = XCBuildConfiguration;
			buildSettings = {
				CODE_SIGN_STYLE = Automatic;
				COMBINE_HIDPI_IMAGES = YES;
				DEVELOPMENT_TEAM = JCW23UJPJQ;
				INFOPLIST_FILE = TweegeeTests/Info.plist;
				LD_RUNPATH_SEARCH_PATHS = "$(inherited) @executable_path/../Frameworks @loader_path/../Frameworks";
				PRODUCT_BUNDLE_IDENTIFIER = com.example.TweegeeTests;
				PRODUCT_NAME = "$(TARGET_NAME)";
				SWIFT_VERSION = 4.0;
			};
			name = Debug;
		};
		AD3F5106200E6BFD00F1BE3C /* Release */ = {
			isa = XCBuildConfiguration;
			buildSettings = {
				CODE_SIGN_STYLE = Automatic;
				COMBINE_HIDPI_IMAGES = YES;
				DEVELOPMENT_TEAM = JCW23UJPJQ;
				INFOPLIST_FILE = TweegeeTests/Info.plist;
				LD_RUNPATH_SEARCH_PATHS = "$(inherited) @executable_path/../Frameworks @loader_path/../Frameworks";
				PRODUCT_BUNDLE_IDENTIFIER = com.example.TweegeeTests;
				PRODUCT_NAME = "$(TARGET_NAME)";
				SWIFT_VERSION = 4.0;
			};
			name = Release;
		};
/* End XCBuildConfiguration section */

/* Begin XCConfigurationList section */
		AD3F50EC200E6BB700F1BE3C /* Build configuration list for PBXProject "Tweegee" */ = {
			isa = XCConfigurationList;
			buildConfigurations = (
				AD3F50F6200E6BB800F1BE3C /* Debug */,
				AD3F50F7200E6BB800F1BE3C /* Release */,
			);
			defaultConfigurationIsVisible = 0;
			defaultConfigurationName = Release;
		};
		AD3F50F8200E6BB800F1BE3C /* Build configuration list for PBXNativeTarget "tweegee" */ = {
			isa = XCConfigurationList;
			buildConfigurations = (
				AD3F50F9200E6BB800F1BE3C /* Debug */,
				AD3F50FA200E6BB800F1BE3C /* Release */,
			);
			defaultConfigurationIsVisible = 0;
			defaultConfigurationName = Release;
		};
		AD3F5104200E6BFD00F1BE3C /* Build configuration list for PBXNativeTarget "TweegeeTests" */ = {
			isa = XCConfigurationList;
			buildConfigurations = (
				AD3F5105200E6BFD00F1BE3C /* Debug */,
				AD3F5106200E6BFD00F1BE3C /* Release */,
			);
			defaultConfigurationIsVisible = 0;
			defaultConfigurationName = Release;
		};
/* End XCConfigurationList section */
	};
	rootObject = AD3F50E9200E6BB700F1BE3C /* Project object */;
}
